
Microsoft Visual Studio Solution File, Format Version 12.00
# Visual Studio Version 16
VisualStudioVersion = 16.0.33927.289
MinimumVisualStudioVersion = 10.0.40219.1
Project("{2150E333-8FDC-42A3-9474-1A3956D46DE8}") = "Task0", "Task0", "{17E27B30-751B-471D-8A2B-41BF6E722D88}"
EndProject
Project("{FAE04EC0-301F-11D3-BF4B-00C04F79EFBC}") = "Tyuiu.BratsunDA.Sprint1.Task0.V8", "Tyuiu.BratsunDA.Sprint1.Task0.V8\Tyuiu.BratsunDA.Sprint1.Task0.V8.csproj", "{E7A191EF-4437-4A73-B9D0-A20B57BB7AE5}"
EndProject
Project("{FAE04EC0-301F-11D3-BF4B-00C04F79EFBC}") = "Tyuiu.BratsunDA.Sprint1.Task0.V8.Lib", "Tyuiu.BratsunDA.Sprint1.Task0.V8.Lib\Tyuiu.BratsunDA.Sprint1.Task0.V8.Lib.csproj", "{F80AF4AF-A8D7-4C40-A37E-0C79EA1462A6}"
EndProject
Project("{FAE04EC0-301F-11D3-BF4B-00C04F79EFBC}") = "Tyuiu.BratsunDA.Sprint1.Task0.V8.Test", "Tyuiu.BratsunDA.Sprint1.Task0.V8.Test\Tyuiu.BratsunDA.Sprint1.Task0.V8.Test.csproj", "{9C837B1D-CE74-4CAD-B7BF-27C4E7747FC1}"
EndProject
Project("{2150E333-8FDC-42A3-9474-1A3956D46DE8}") = "Task1", "Task1", "{8DF47E5D-6FDA-4292-99B7-BE43FD76E22D}"
EndProject
Project("{FAE04EC0-301F-11D3-BF4B-00C04F79EFBC}") = "Tyuiu.BratsunDA.Sprint1.Task1.V16", "Tyuiu.BratsunDA.Sprint1.Task1.V16\Tyuiu.BratsunDA.Sprint1.Task1.V16.csproj", "{344F83F1-265F-4070-9E2D-092313F8CFC3}"
EndProject
Project("{FAE04EC0-301F-11D3-BF4B-00C04F79EFBC}") = "Tyuiu.BratsunDA.Sprint1.Task1.V16.Test", "Tyuiu.BratsunDA.Sprint1.Task1.V16.Test\Tyuiu.BratsunDA.Sprint1.Task1.V16.Test.csproj", "{4E5C0C94-6544-4901-8D2D-DEAE2763C16C}"
EndProject
Project("{FAE04EC0-301F-11D3-BF4B-00C04F79EFBC}") = "Tyuiu.BratsunDA.Sprint1.Task1.V16.Lib", "Tyuiu.BratsunDA.Sprint1.Task1.V16.Lib\Tyuiu.BratsunDA.Sprint1.Task1.V16.Lib.csproj", "{B6B9F640-F7E9-4E6C-A7B1-BEE2B0D4A2AB}"
EndProject
Project("{2150E333-8FDC-42A3-9474-1A3956D46DE8}") = "Task2", "Task2", "{B790722F-1999-4D4B-A315-B3BC71460A8E}"
EndProject
Project("{FAE04EC0-301F-11D3-BF4B-00C04F79EFBC}") = "Tyuiu.BratsunDA.Sprint1.Task2.V15", "Tyuiu.BratsunDA.Sprint1.Task2.V15\Tyuiu.BratsunDA.Sprint1.Task2.V15.csproj", "{9C45219A-B8A8-42EA-899A-F1ED8DC1705D}"
EndProject
Project("{FAE04EC0-301F-11D3-BF4B-00C04F79EFBC}") = "Tyuiu.BratsunDA.Sprint1.Task2.V15.Lib", "Tyuiu.BratsunDA.Sprint1.Task2.V15.Lib\Tyuiu.BratsunDA.Sprint1.Task2.V15.Lib.csproj", "{2F08B362-4E70-4B66-A9FD-03295404484E}"
EndProject
Project("{FAE04EC0-301F-11D3-BF4B-00C04F79EFBC}") = "Tyuiu.BratsunDA.Sprint1.Task2.V15.Test", "Tyuiu.BratsunDA.Sprint1.Task2.V15.Test\Tyuiu.BratsunDA.Sprint1.Task2.V15.Test.csproj", "{74DA646E-7799-4C95-97AF-1F98AAF352E1}"
EndProject
Project("{2150E333-8FDC-42A3-9474-1A3956D46DE8}") = "Task3", "Task3", "{B0A668C4-A4EE-4054-B306-395D75AC339C}"
EndProject
Project("{FAE04EC0-301F-11D3-BF4B-00C04F79EFBC}") = "Tyuiu.BratsunDA.Sprint1.Task3.V4", "Tyuiu.BratsunDA.Sprint1.Task3.V4\Tyuiu.BratsunDA.Sprint1.Task3.V4.csproj", "{9CD0297C-B999-41EC-A26D-F3A49A74F72C}"
EndProject
Project("{FAE04EC0-301F-11D3-BF4B-00C04F79EFBC}") = "Tyuiu.BratsunDA.Sprint1.Task3.V4.Test", "Tyuiu.BratsunDA.Sprint1.Task3.V4.Test\Tyuiu.BratsunDA.Sprint1.Task3.V4.Test.csproj", "{6D82C19A-3245-4819-92BE-A49520EAF38F}"
EndProject
Project("{FAE04EC0-301F-11D3-BF4B-00C04F79EFBC}") = "Tyuiu.BratsunDA.Sprint1.Task3.V4.Lib", "Tyuiu.BratsunDA.Sprint1.Task3.V4.Lib\Tyuiu.BratsunDA.Sprint1.Task3.V4.Lib.csproj", "{21404F23-050B-4861-B52C-C865EDA42D7E}"
EndProject
Project("{2150E333-8FDC-42A3-9474-1A3956D46DE8}") = "Task4", "Task4", "{972F1B17-CB41-4130-B474-0BC556B35EA2}"
EndProject
Project("{FAE04EC0-301F-11D3-BF4B-00C04F79EFBC}") = "Tyuiu.BratsunDA.Sprint1.Task4.V11", "Tyuiu.BratsunDA.Sprint1.Task4.V11\Tyuiu.BratsunDA.Sprint1.Task4.V11.csproj", "{C68D0EF5-3AAF-42F1-92D0-97A1AD8616AC}"
EndProject
Project("{FAE04EC0-301F-11D3-BF4B-00C04F79EFBC}") = "Tyuiu.BratsunDA.Sprint1.Task4.V11.Lib", "Tyuiu.BratsunDA.Sprint1.Task4.V11.Lib\Tyuiu.BratsunDA.Sprint1.Task4.V11.Lib.csproj", "{133AB95A-8834-42DA-8D85-4F139ADD72AE}"
EndProject
Project("{FAE04EC0-301F-11D3-BF4B-00C04F79EFBC}") = "Tyuiu.BratsunDA.Sprint1.Task4.V11.Test", "Tyuiu.BratsunDA.Sprint1.Task4.V11.Test\Tyuiu.BratsunDA.Sprint1.Task4.V11.Test.csproj", "{B3A5A205-BCBD-427D-9393-D336B1BE851D}"
EndProject
Project("{2150E333-8FDC-42A3-9474-1A3956D46DE8}") = "Task5", "Task5", "{D20A1A3A-D5D7-4440-BB3E-75BC8C1F217B}"
EndProject
Project("{FAE04EC0-301F-11D3-BF4B-00C04F79EFBC}") = "Tyuiu.BratsunDA.Sprint1.Task5.V7", "Tyuiu.BratsunDA.Sprint1.Task5.V7\Tyuiu.BratsunDA.Sprint1.Task5.V7.csproj", "{B9E54B1A-FAFF-4104-8ECD-8FCE811B5301}"
EndProject
Project("{FAE04EC0-301F-11D3-BF4B-00C04F79EFBC}") = "Tyuiu.BratsunDA.Sprint1.Task5.V7.Test", "Tyuiu.BratsunDA.Sprint1.Task5.V7.Test\Tyuiu.BratsunDA.Sprint1.Task5.V7.Test.csproj", "{C5380901-F093-44CD-9A39-CA0C24093E48}"
EndProject
Project("{FAE04EC0-301F-11D3-BF4B-00C04F79EFBC}") = "Tyuiu.BratsunDA.Sprint1.Task5.V7.Lib", "Tyuiu.BratsunDA.Sprint1.Task5.V7.Lib\Tyuiu.BratsunDA.Sprint1.Task5.V7.Lib.csproj", "{182C1426-D814-4BEE-9442-03C9CD34473B}"
EndProject
Project("{2150E333-8FDC-42A3-9474-1A3956D46DE8}") = "Task6", "Task6", "{169D1117-2B88-400C-A8D2-22E562B72329}"
EndProject
Project("{FAE04EC0-301F-11D3-BF4B-00C04F79EFBC}") = "Tyuiu.BratsunDA.Sprint1.Task6.V18", "Tyuiu.BratsunDA.Sprint1.Task6.V18\Tyuiu.BratsunDA.Sprint1.Task6.V18.csproj", "{736CC7A7-8ACA-4097-8711-0B7A43DEEB76}"
EndProject
Project("{FAE04EC0-301F-11D3-BF4B-00C04F79EFBC}") = "Tyuiu.BratsunDA.Sprint1.Task6.V18.Lib", "Tyuiu.BratsunDA.Sprint1.Task6.V18.Lib\Tyuiu.BratsunDA.Sprint1.Task6.V18.Lib.csproj", "{C32D6CCF-4F9F-4032-94FD-C8C5DD892C95}"
EndProject
Project("{FAE04EC0-301F-11D3-BF4B-00C04F79EFBC}") = "Tyuiu.BratsunDA.Sprint1.Task6.V18.Test", "Tyuiu.BratsunDA.Sprint1.Task6.V18.Test\Tyuiu.BratsunDA.Sprint1.Task6.V18.Test.csproj", "{C498A398-6678-497F-B634-E07F3585E97F}"
EndProject
Project("{2150E333-8FDC-42A3-9474-1A3956D46DE8}") = "Task7", "Task7", "{D1E1F5CD-2D94-490E-8493-B36466163C89}"
EndProject
Project("{FAE04EC0-301F-11D3-BF4B-00C04F79EFBC}") = "Tyuiu.BratsunDA.Sprint1.Task7.V26", "Tyuiu.BratsunDA.Sprint1.Task7.V26\Tyuiu.BratsunDA.Sprint1.Task7.V26.csproj", "{7815D9F8-6D61-4D7C-BE47-21828A11E512}"
EndProject
Project("{FAE04EC0-301F-11D3-BF4B-00C04F79EFBC}") = "Tyuiu.BratsunDA.Sprint1.Task7.V26.Test", "Tyuiu.BratsunDA.Sprint1.Task7.V26.Test\Tyuiu.BratsunDA.Sprint1.Task7.V26.Test.csproj", "{623483F0-03BF-4C2A-85B9-217F8C0F5BD1}"
EndProject
Project("{FAE04EC0-301F-11D3-BF4B-00C04F79EFBC}") = "Tyuiu.BratsunDA.Sprint1.Task7.V26.Lib", "Tyuiu.BratsunDA.Sprint1.Task7.V26.Lib\Tyuiu.BratsunDA.Sprint1.Task7.V26.Lib.csproj", "{DDE308FD-6303-4B67-93B4-E9BB6013EA5F}"
EndProject
Global
	GlobalSection(SolutionConfigurationPlatforms) = preSolution
		Debug|Any CPU = Debug|Any CPU
		Release|Any CPU = Release|Any CPU
	EndGlobalSection
	GlobalSection(ProjectConfigurationPlatforms) = postSolution
		{E7A191EF-4437-4A73-B9D0-A20B57BB7AE5}.Debug|Any CPU.ActiveCfg = Debug|Any CPU
		{E7A191EF-4437-4A73-B9D0-A20B57BB7AE5}.Debug|Any CPU.Build.0 = Debug|Any CPU
		{E7A191EF-4437-4A73-B9D0-A20B57BB7AE5}.Release|Any CPU.ActiveCfg = Release|Any CPU
		{E7A191EF-4437-4A73-B9D0-A20B57BB7AE5}.Release|Any CPU.Build.0 = Release|Any CPU
		{F80AF4AF-A8D7-4C40-A37E-0C79EA1462A6}.Debug|Any CPU.ActiveCfg = Debug|Any CPU
		{F80AF4AF-A8D7-4C40-A37E-0C79EA1462A6}.Debug|Any CPU.Build.0 = Debug|Any CPU
		{F80AF4AF-A8D7-4C40-A37E-0C79EA1462A6}.Release|Any CPU.ActiveCfg = Release|Any CPU
		{F80AF4AF-A8D7-4C40-A37E-0C79EA1462A6}.Release|Any CPU.Build.0 = Release|Any CPU
		{9C837B1D-CE74-4CAD-B7BF-27C4E7747FC1}.Debug|Any CPU.ActiveCfg = Debug|Any CPU
		{9C837B1D-CE74-4CAD-B7BF-27C4E7747FC1}.Debug|Any CPU.Build.0 = Debug|Any CPU
		{9C837B1D-CE74-4CAD-B7BF-27C4E7747FC1}.Release|Any CPU.ActiveCfg = Release|Any CPU
		{9C837B1D-CE74-4CAD-B7BF-27C4E7747FC1}.Release|Any CPU.Build.0 = Release|Any CPU
		{344F83F1-265F-4070-9E2D-092313F8CFC3}.Debug|Any CPU.ActiveCfg = Debug|Any CPU
		{344F83F1-265F-4070-9E2D-092313F8CFC3}.Debug|Any CPU.Build.0 = Debug|Any CPU
		{344F83F1-265F-4070-9E2D-092313F8CFC3}.Release|Any CPU.ActiveCfg = Release|Any CPU
		{344F83F1-265F-4070-9E2D-092313F8CFC3}.Release|Any CPU.Build.0 = Release|Any CPU
		{4E5C0C94-6544-4901-8D2D-DEAE2763C16C}.Debug|Any CPU.ActiveCfg = Debug|Any CPU
		{4E5C0C94-6544-4901-8D2D-DEAE2763C16C}.Debug|Any CPU.Build.0 = Debug|Any CPU
		{4E5C0C94-6544-4901-8D2D-DEAE2763C16C}.Release|Any CPU.ActiveCfg = Release|Any CPU
		{4E5C0C94-6544-4901-8D2D-DEAE2763C16C}.Release|Any CPU.Build.0 = Release|Any CPU
		{B6B9F640-F7E9-4E6C-A7B1-BEE2B0D4A2AB}.Debug|Any CPU.ActiveCfg = Debug|Any CPU
		{B6B9F640-F7E9-4E6C-A7B1-BEE2B0D4A2AB}.Debug|Any CPU.Build.0 = Debug|Any CPU
		{B6B9F640-F7E9-4E6C-A7B1-BEE2B0D4A2AB}.Release|Any CPU.ActiveCfg = Release|Any CPU
		{B6B9F640-F7E9-4E6C-A7B1-BEE2B0D4A2AB}.Release|Any CPU.Build.0 = Release|Any CPU
		{9C45219A-B8A8-42EA-899A-F1ED8DC1705D}.Debug|Any CPU.ActiveCfg = Debug|Any CPU
		{9C45219A-B8A8-42EA-899A-F1ED8DC1705D}.Debug|Any CPU.Build.0 = Debug|Any CPU
		{9C45219A-B8A8-42EA-899A-F1ED8DC1705D}.Release|Any CPU.ActiveCfg = Release|Any CPU
		{9C45219A-B8A8-42EA-899A-F1ED8DC1705D}.Release|Any CPU.Build.0 = Release|Any CPU
		{2F08B362-4E70-4B66-A9FD-03295404484E}.Debug|Any CPU.ActiveCfg = Debug|Any CPU
		{2F08B362-4E70-4B66-A9FD-03295404484E}.Debug|Any CPU.Build.0 = Debug|Any CPU
		{2F08B362-4E70-4B66-A9FD-03295404484E}.Release|Any CPU.ActiveCfg = Release|Any CPU
		{2F08B362-4E70-4B66-A9FD-03295404484E}.Release|Any CPU.Build.0 = Release|Any CPU
		{74DA646E-7799-4C95-97AF-1F98AAF352E1}.Debug|Any CPU.ActiveCfg = Debug|Any CPU
		{74DA646E-7799-4C95-97AF-1F98AAF352E1}.Debug|Any CPU.Build.0 = Debug|Any CPU
		{74DA646E-7799-4C95-97AF-1F98AAF352E1}.Release|Any CPU.ActiveCfg = Release|Any CPU
		{74DA646E-7799-4C95-97AF-1F98AAF352E1}.Release|Any CPU.Build.0 = Release|Any CPU
		{9CD0297C-B999-41EC-A26D-F3A49A74F72C}.Debug|Any CPU.ActiveCfg = Debug|Any CPU
		{9CD0297C-B999-41EC-A26D-F3A49A74F72C}.Debug|Any CPU.Build.0 = Debug|Any CPU
		{9CD0297C-B999-41EC-A26D-F3A49A74F72C}.Release|Any CPU.ActiveCfg = Release|Any CPU
		{9CD0297C-B999-41EC-A26D-F3A49A74F72C}.Release|Any CPU.Build.0 = Release|Any CPU
		{6D82C19A-3245-4819-92BE-A49520EAF38F}.Debug|Any CPU.ActiveCfg = Debug|Any CPU
		{6D82C19A-3245-4819-92BE-A49520EAF38F}.Debug|Any CPU.Build.0 = Debug|Any CPU
		{6D82C19A-3245-4819-92BE-A49520EAF38F}.Release|Any CPU.ActiveCfg = Release|Any CPU
		{6D82C19A-3245-4819-92BE-A49520EAF38F}.Release|Any CPU.Build.0 = Release|Any CPU
		{21404F23-050B-4861-B52C-C865EDA42D7E}.Debug|Any CPU.ActiveCfg = Debug|Any CPU
		{21404F23-050B-4861-B52C-C865EDA42D7E}.Debug|Any CPU.Build.0 = Debug|Any CPU
		{21404F23-050B-4861-B52C-C865EDA42D7E}.Release|Any CPU.ActiveCfg = Release|Any CPU
		{21404F23-050B-4861-B52C-C865EDA42D7E}.Release|Any CPU.Build.0 = Release|Any CPU
		{C68D0EF5-3AAF-42F1-92D0-97A1AD8616AC}.Debug|Any CPU.ActiveCfg = Debug|Any CPU
		{C68D0EF5-3AAF-42F1-92D0-97A1AD8616AC}.Debug|Any CPU.Build.0 = Debug|Any CPU
		{C68D0EF5-3AAF-42F1-92D0-97A1AD8616AC}.Release|Any CPU.ActiveCfg = Release|Any CPU
		{C68D0EF5-3AAF-42F1-92D0-97A1AD8616AC}.Release|Any CPU.Build.0 = Release|Any CPU
		{133AB95A-8834-42DA-8D85-4F139ADD72AE}.Debug|Any CPU.ActiveCfg = Debug|Any CPU
		{133AB95A-8834-42DA-8D85-4F139ADD72AE}.Debug|Any CPU.Build.0 = Debug|Any CPU
		{133AB95A-8834-42DA-8D85-4F139ADD72AE}.Release|Any CPU.ActiveCfg = Release|Any CPU
		{133AB95A-8834-42DA-8D85-4F139ADD72AE}.Release|Any CPU.Build.0 = Release|Any CPU
		{B3A5A205-BCBD-427D-9393-D336B1BE851D}.Debug|Any CPU.ActiveCfg = Debug|Any CPU
		{B3A5A205-BCBD-427D-9393-D336B1BE851D}.Debug|Any CPU.Build.0 = Debug|Any CPU
		{B3A5A205-BCBD-427D-9393-D336B1BE851D}.Release|Any CPU.ActiveCfg = Release|Any CPU
		{B3A5A205-BCBD-427D-9393-D336B1BE851D}.Release|Any CPU.Build.0 = Release|Any CPU
		{B9E54B1A-FAFF-4104-8ECD-8FCE811B5301}.Debug|Any CPU.ActiveCfg = Debug|Any CPU
		{B9E54B1A-FAFF-4104-8ECD-8FCE811B5301}.Debug|Any CPU.Build.0 = Debug|Any CPU
		{B9E54B1A-FAFF-4104-8ECD-8FCE811B5301}.Release|Any CPU.ActiveCfg = Release|Any CPU
		{B9E54B1A-FAFF-4104-8ECD-8FCE811B5301}.Release|Any CPU.Build.0 = Release|Any CPU
		{C5380901-F093-44CD-9A39-CA0C24093E48}.Debug|Any CPU.ActiveCfg = Debug|Any CPU
		{C5380901-F093-44CD-9A39-CA0C24093E48}.Debug|Any CPU.Build.0 = Debug|Any CPU
		{C5380901-F093-44CD-9A39-CA0C24093E48}.Release|Any CPU.ActiveCfg = Release|Any CPU
		{C5380901-F093-44CD-9A39-CA0C24093E48}.Release|Any CPU.Build.0 = Release|Any CPU
		{182C1426-D814-4BEE-9442-03C9CD34473B}.Debug|Any CPU.ActiveCfg = Debug|Any CPU
		{182C1426-D814-4BEE-9442-03C9CD34473B}.Debug|Any CPU.Build.0 = Debug|Any CPU
		{182C1426-D814-4BEE-9442-03C9CD34473B}.Release|Any CPU.ActiveCfg = Release|Any CPU
		{182C1426-D814-4BEE-9442-03C9CD34473B}.Release|Any CPU.Build.0 = Release|Any CPU
		{736CC7A7-8ACA-4097-8711-0B7A43DEEB76}.Debug|Any CPU.ActiveCfg = Debug|Any CPU
		{736CC7A7-8ACA-4097-8711-0B7A43DEEB76}.Debug|Any CPU.Build.0 = Debug|Any CPU
		{736CC7A7-8ACA-4097-8711-0B7A43DEEB76}.Release|Any CPU.ActiveCfg = Release|Any CPU
		{736CC7A7-8ACA-4097-8711-0B7A43DEEB76}.Release|Any CPU.Build.0 = Release|Any CPU
		{C32D6CCF-4F9F-4032-94FD-C8C5DD892C95}.Debug|Any CPU.ActiveCfg = Debug|Any CPU
		{C32D6CCF-4F9F-4032-94FD-C8C5DD892C95}.Debug|Any CPU.Build.0 = Debug|Any CPU
		{C32D6CCF-4F9F-4032-94FD-C8C5DD892C95}.Release|Any CPU.ActiveCfg = Release|Any CPU
		{C32D6CCF-4F9F-4032-94FD-C8C5DD892C95}.Release|Any CPU.Build.0 = Release|Any CPU
		{C498A398-6678-497F-B634-E07F3585E97F}.Debug|Any CPU.ActiveCfg = Debug|Any CPU
		{C498A398-6678-497F-B634-E07F3585E97F}.Debug|Any CPU.Build.0 = Debug|Any CPU
		{C498A398-6678-497F-B634-E07F3585E97F}.Release|Any CPU.ActiveCfg = Release|Any CPU
		{C498A398-6678-497F-B634-E07F3585E97F}.Release|Any CPU.Build.0 = Release|Any CPU
		{7815D9F8-6D61-4D7C-BE47-21828A11E512}.Debug|Any CPU.ActiveCfg = Debug|Any CPU
		{7815D9F8-6D61-4D7C-BE47-21828A11E512}.Debug|Any CPU.Build.0 = Debug|Any CPU
		{7815D9F8-6D61-4D7C-BE47-21828A11E512}.Release|Any CPU.ActiveCfg = Release|Any CPU
		{7815D9F8-6D61-4D7C-BE47-21828A11E512}.Release|Any CPU.Build.0 = Release|Any CPU
		{623483F0-03BF-4C2A-85B9-217F8C0F5BD1}.Debug|Any CPU.ActiveCfg = Debug|Any CPU
		{623483F0-03BF-4C2A-85B9-217F8C0F5BD1}.Debug|Any CPU.Build.0 = Debug|Any CPU
		{623483F0-03BF-4C2A-85B9-217F8C0F5BD1}.Release|Any CPU.ActiveCfg = Release|Any CPU
		{623483F0-03BF-4C2A-85B9-217F8C0F5BD1}.Release|Any CPU.Build.0 = Release|Any CPU
		{DDE308FD-6303-4B67-93B4-E9BB6013EA5F}.Debug|Any CPU.ActiveCfg = Debug|Any CPU
		{DDE308FD-6303-4B67-93B4-E9BB6013EA5F}.Debug|Any CPU.Build.0 = Debug|Any CPU
		{DDE308FD-6303-4B67-93B4-E9BB6013EA5F}.Release|Any CPU.ActiveCfg = Release|Any CPU
		{DDE308FD-6303-4B67-93B4-E9BB6013EA5F}.Release|Any CPU.Build.0 = Release|Any CPU
	EndGlobalSection
	GlobalSection(SolutionProperties) = preSolution
		HideSolutionNode = FALSE
	EndGlobalSection
	GlobalSection(NestedProjects) = preSolution
		{E7A191EF-4437-4A73-B9D0-A20B57BB7AE5} = {17E27B30-751B-471D-8A2B-41BF6E722D88}
		{F80AF4AF-A8D7-4C40-A37E-0C79EA1462A6} = {17E27B30-751B-471D-8A2B-41BF6E722D88}
		{9C837B1D-CE74-4CAD-B7BF-27C4E7747FC1} = {17E27B30-751B-471D-8A2B-41BF6E722D88}
		{344F83F1-265F-4070-9E2D-092313F8CFC3} = {8DF47E5D-6FDA-4292-99B7-BE43FD76E22D}
		{4E5C0C94-6544-4901-8D2D-DEAE2763C16C} = {8DF47E5D-6FDA-4292-99B7-BE43FD76E22D}
		{B6B9F640-F7E9-4E6C-A7B1-BEE2B0D4A2AB} = {8DF47E5D-6FDA-4292-99B7-BE43FD76E22D}
		{9C45219A-B8A8-42EA-899A-F1ED8DC1705D} = {B790722F-1999-4D4B-A315-B3BC71460A8E}
		{2F08B362-4E70-4B66-A9FD-03295404484E} = {B790722F-1999-4D4B-A315-B3BC71460A8E}
		{74DA646E-7799-4C95-97AF-1F98AAF352E1} = {B790722F-1999-4D4B-A315-B3BC71460A8E}
		{9CD0297C-B999-41EC-A26D-F3A49A74F72C} = {B0A668C4-A4EE-4054-B306-395D75AC339C}
		{6D82C19A-3245-4819-92BE-A49520EAF38F} = {B0A668C4-A4EE-4054-B306-395D75AC339C}
		{21404F23-050B-4861-B52C-C865EDA42D7E} = {B0A668C4-A4EE-4054-B306-395D75AC339C}
		{C68D0EF5-3AAF-42F1-92D0-97A1AD8616AC} = {972F1B17-CB41-4130-B474-0BC556B35EA2}
		{133AB95A-8834-42DA-8D85-4F139ADD72AE} = {972F1B17-CB41-4130-B474-0BC556B35EA2}
		{B3A5A205-BCBD-427D-9393-D336B1BE851D} = {972F1B17-CB41-4130-B474-0BC556B35EA2}
		{B9E54B1A-FAFF-4104-8ECD-8FCE811B5301} = {D20A1A3A-D5D7-4440-BB3E-75BC8C1F217B}
		{C5380901-F093-44CD-9A39-CA0C24093E48} = {D20A1A3A-D5D7-4440-BB3E-75BC8C1F217B}
		{182C1426-D814-4BEE-9442-03C9CD34473B} = {D20A1A3A-D5D7-4440-BB3E-75BC8C1F217B}
		{736CC7A7-8ACA-4097-8711-0B7A43DEEB76} = {169D1117-2B88-400C-A8D2-22E562B72329}
		{C32D6CCF-4F9F-4032-94FD-C8C5DD892C95} = {169D1117-2B88-400C-A8D2-22E562B72329}
		{C498A398-6678-497F-B634-E07F3585E97F} = {169D1117-2B88-400C-A8D2-22E562B72329}
		{7815D9F8-6D61-4D7C-BE47-21828A11E512} = {D1E1F5CD-2D94-490E-8493-B36466163C89}
		{623483F0-03BF-4C2A-85B9-217F8C0F5BD1} = {D1E1F5CD-2D94-490E-8493-B36466163C89}
		{DDE308FD-6303-4B67-93B4-E9BB6013EA5F} = {D1E1F5CD-2D94-490E-8493-B36466163C89}
	EndGlobalSection
	GlobalSection(ExtensibilityGlobals) = postSolution
		SolutionGuid = {9FC8EF9C-9DAE-44DC-9E77-C12175B4B613}
	EndGlobalSection
EndGlobal
